<?xml version="1.0" encoding="UTF-8" standalone="yes" ?>
<CodeBlocks_project_file>
	<FileVersion major="1" minor="6" />
	<Project>
		<Option title="wxChaos" />
		<Option pch_mode="2" />
		<Option compiler="gcc" />
		<Build>
			<Target title="Debug">
				<Option output="bin/Linux_Debug/wxChaos" prefix_auto="1" extension_auto="1" />
				<Option working_dir="app_resources/English/" />
				<Option object_output="obj/Linux_Debug/" />
				<Option type="0" />
				<Option compiler="gcc" />
				<Option projectLinkerOptionsRelation="2" />
				<Compiler>
					<Add option="-g" />
				</Compiler>
			</Target>
			<Target title="Release">
				<Option output="bin/Linux_Release/wxChaos" prefix_auto="1" extension_auto="1" />
				<Option working_dir="app_resources/English/" />
				<Option object_output="obj/Linux_Release/" />
				<Option type="0" />
				<Option compiler="gcc" />
				<Option projectLinkerOptionsRelation="2" />
				<Compiler>
					<Add option="-O2" />
				</Compiler>
				<Linker>
					<Add option="-s" />
				</Linker>
			</Target>
		</Build>
		<Compiler>
			<Add option="`wx-config --cflags`" />
			<Add option="`pkg-config --cflags gtk+-2.0`" />
			<Add option="-DUNICODE" />
			<Add option="-D_UNICODE" />
		</Compiler>
		<Linker>
			<Add option="`wx-config --libs`" />
			<Add option="`pkg-config --libs gtk+-2.0 x11 xrandr`" />
			<Add library="sfml-system" />
			<Add library="sfml-window" />
			<Add library="sfml-graphics" />
		</Linker>
		<Unit filename="wxChaos/About.cpp" />
		<Unit filename="wxChaos/About.h" />
		<Unit filename="wxChaos/AngelScriptFunc.cpp" />
		<Unit filename="wxChaos/AngelScriptFunc.h" />
		<Unit filename="wxChaos/BinaryOps.cpp" />
		<Unit filename="wxChaos/BinaryOps.h" />
		<Unit filename="wxChaos/BmpWriter.cpp" />
		<Unit filename="wxChaos/BmpWriter.h" />
		<Unit filename="wxChaos/ColorFrame.cpp" />
		<Unit filename="wxChaos/ColorFrame.h" />
		<Unit filename="wxChaos/CommandFrame.cpp" />
		<Unit filename="wxChaos/CommandFrame.h" />
		<Unit filename="wxChaos/ConfigParser.cpp" />
		<Unit filename="wxChaos/ConfigParser.h" />
		<Unit filename="wxChaos/ConstDialog.cpp" />
		<Unit filename="wxChaos/ConstDialog.h" />
		<Unit filename="wxChaos/DPExplorer.cpp" />
		<Unit filename="wxChaos/DPExplorer.h" />
		<Unit filename="wxChaos/DimensionFrame.cpp" />
		<Unit filename="wxChaos/DimensionFrame.h" />
		<Unit filename="wxChaos/FormulaDialog.cpp" />
		<Unit filename="wxChaos/FormulaDialog.h" />
		<Unit filename="wxChaos/FractalCanvas.cpp" />
		<Unit filename="wxChaos/FractalCanvas.h" />
		<Unit filename="wxChaos/FractalClasses.cpp" />
		<Unit filename="wxChaos/FractalClasses.h" />
		<Unit filename="wxChaos/FractalGUI.cpp" />
		<Unit filename="wxChaos/FractalGUI.h" />
		<Unit filename="wxChaos/FractalTypes.cpp" />
		<Unit filename="wxChaos/FractalTypes.h" />
		<Unit filename="wxChaos/HTMLViewer.cpp" />
		<Unit filename="wxChaos/HTMLViewer.h" />
		<Unit filename="wxChaos/IterDialog.cpp" />
		<Unit filename="wxChaos/IterDialog.h" />
		<Unit filename="wxChaos/JuliaMode.cpp" />
		<Unit filename="wxChaos/JuliaMode.h" />
		<Unit filename="wxChaos/Lang.h" />
		<Unit filename="wxChaos/MainWindow.cpp" />
		<Unit filename="wxChaos/MainWindow.h" />
		<Unit filename="wxChaos/SizeDialogSave.cpp" />
		<Unit filename="wxChaos/SizeDialogSave.h" />
		<Unit filename="wxChaos/StringFuncs.cpp" />
		<Unit filename="wxChaos/StringFuncs.h" />
		<Unit filename="wxChaos/Styles.h" />
		<Unit filename="wxChaos/angelscript/add_on/scriptarray/scriptarray.cpp" />
		<Unit filename="wxChaos/angelscript/add_on/scriptarray/scriptarray.h" />
		<Unit filename="wxChaos/angelscript/add_on/scriptstdstring/scriptstdstring.cpp" />
		<Unit filename="wxChaos/angelscript/add_on/scriptstdstring/scriptstdstring.h" />
		<Unit filename="wxChaos/angelscript/add_on/scriptstdstring/scriptstdstring_utils.cpp" />
		<Unit filename="wxChaos/angelscript/include/angelscript.h" />
		<Unit filename="wxChaos/angelscript/src/as_array.h" />
		<Unit filename="wxChaos/angelscript/src/as_atomic.cpp" />
		<Unit filename="wxChaos/angelscript/src/as_atomic.h" />
		<Unit filename="wxChaos/angelscript/src/as_builder.cpp" />
		<Unit filename="wxChaos/angelscript/src/as_builder.h" />
		<Unit filename="wxChaos/angelscript/src/as_bytecode.cpp" />
		<Unit filename="wxChaos/angelscript/src/as_bytecode.h" />
		<Unit filename="wxChaos/angelscript/src/as_callfunc.cpp" />
		<Unit filename="wxChaos/angelscript/src/as_callfunc.h" />
		<Unit filename="wxChaos/angelscript/src/as_callfunc_arm.cpp" />
		<Unit filename="wxChaos/angelscript/src/as_callfunc_mips.cpp" />
		<Unit filename="wxChaos/angelscript/src/as_callfunc_ppc.cpp" />
		<Unit filename="wxChaos/angelscript/src/as_callfunc_ppc_64.cpp" />
		<Unit filename="wxChaos/angelscript/src/as_callfunc_sh4.cpp" />
		<Unit filename="wxChaos/angelscript/src/as_callfunc_x64_gcc.cpp" />
		<Unit filename="wxChaos/angelscript/src/as_callfunc_x64_mingw.cpp" />
		<Unit filename="wxChaos/angelscript/src/as_callfunc_x64_msvc.cpp" />
		<Unit filename="wxChaos/angelscript/src/as_callfunc_x86.cpp" />
		<Unit filename="wxChaos/angelscript/src/as_callfunc_xenon.cpp" />
		<Unit filename="wxChaos/angelscript/src/as_compiler.cpp" />
		<Unit filename="wxChaos/angelscript/src/as_compiler.h" />
		<Unit filename="wxChaos/angelscript/src/as_config.h" />
		<Unit filename="wxChaos/angelscript/src/as_configgroup.cpp" />
		<Unit filename="wxChaos/angelscript/src/as_configgroup.h" />
		<Unit filename="wxChaos/angelscript/src/as_context.cpp" />
		<Unit filename="wxChaos/angelscript/src/as_context.h" />
		<Unit filename="wxChaos/angelscript/src/as_criticalsection.h" />
		<Unit filename="wxChaos/angelscript/src/as_datatype.cpp" />
		<Unit filename="wxChaos/angelscript/src/as_datatype.h" />
		<Unit filename="wxChaos/angelscript/src/as_debug.h" />
		<Unit filename="wxChaos/angelscript/src/as_gc.cpp" />
		<Unit filename="wxChaos/angelscript/src/as_gc.h" />
		<Unit filename="wxChaos/angelscript/src/as_generic.cpp" />
		<Unit filename="wxChaos/angelscript/src/as_generic.h" />
		<Unit filename="wxChaos/angelscript/src/as_globalproperty.cpp" />
		<Unit filename="wxChaos/angelscript/src/as_map.h" />
		<Unit filename="wxChaos/angelscript/src/as_memory.cpp" />
		<Unit filename="wxChaos/angelscript/src/as_memory.h" />
		<Unit filename="wxChaos/angelscript/src/as_module.cpp" />
		<Unit filename="wxChaos/angelscript/src/as_module.h" />
		<Unit filename="wxChaos/angelscript/src/as_objecttype.cpp" />
		<Unit filename="wxChaos/angelscript/src/as_objecttype.h" />
		<Unit filename="wxChaos/angelscript/src/as_outputbuffer.cpp" />
		<Unit filename="wxChaos/angelscript/src/as_outputbuffer.h" />
		<Unit filename="wxChaos/angelscript/src/as_parser.cpp" />
		<Unit filename="wxChaos/angelscript/src/as_parser.h" />
		<Unit filename="wxChaos/angelscript/src/as_property.h" />
		<Unit filename="wxChaos/angelscript/src/as_restore.cpp" />
		<Unit filename="wxChaos/angelscript/src/as_restore.h" />
		<Unit filename="wxChaos/angelscript/src/as_scriptcode.cpp" />
		<Unit filename="wxChaos/angelscript/src/as_scriptcode.h" />
		<Unit filename="wxChaos/angelscript/src/as_scriptengine.cpp" />
		<Unit filename="wxChaos/angelscript/src/as_scriptengine.h" />
		<Unit filename="wxChaos/angelscript/src/as_scriptfunction.cpp" />
		<Unit filename="wxChaos/angelscript/src/as_scriptfunction.h" />
		<Unit filename="wxChaos/angelscript/src/as_scriptnode.cpp" />
		<Unit filename="wxChaos/angelscript/src/as_scriptnode.h" />
		<Unit filename="wxChaos/angelscript/src/as_scriptobject.cpp" />
		<Unit filename="wxChaos/angelscript/src/as_scriptobject.h" />
		<Unit filename="wxChaos/angelscript/src/as_string.cpp" />
		<Unit filename="wxChaos/angelscript/src/as_string.h" />
		<Unit filename="wxChaos/angelscript/src/as_string_util.cpp" />
		<Unit filename="wxChaos/angelscript/src/as_string_util.h" />
		<Unit filename="wxChaos/angelscript/src/as_symboltable.h" />
		<Unit filename="wxChaos/angelscript/src/as_texts.h" />
		<Unit filename="wxChaos/angelscript/src/as_thread.cpp" />
		<Unit filename="wxChaos/angelscript/src/as_thread.h" />
		<Unit filename="wxChaos/angelscript/src/as_tokendef.h" />
		<Unit filename="wxChaos/angelscript/src/as_tokenizer.cpp" />
		<Unit filename="wxChaos/angelscript/src/as_tokenizer.h" />
		<Unit filename="wxChaos/angelscript/src/as_typeinfo.cpp" />
		<Unit filename="wxChaos/angelscript/src/as_typeinfo.h" />
		<Unit filename="wxChaos/angelscript/src/as_variablescope.cpp" />
		<Unit filename="wxChaos/angelscript/src/as_variablescope.h" />
		<Unit filename="wxChaos/global.cpp" />
		<Unit filename="wxChaos/global.h" />
		<Unit filename="wxChaos/gradient.cpp" />
		<Unit filename="wxChaos/gradient.h" />
		<Unit filename="wxChaos/gradientdlg.cpp" />
		<Unit filename="wxChaos/gradientdlg.h" />
		<Unit filename="wxChaos/muParserX/mpDefines.h" />
		<Unit filename="wxChaos/muParserX/mpError.cpp" />
		<Unit filename="wxChaos/muParserX/mpError.h" />
		<Unit filename="wxChaos/muParserX/mpFuncCmplx.cpp" />
		<Unit filename="wxChaos/muParserX/mpFuncCmplx.h" />
		<Unit filename="wxChaos/muParserX/mpFuncCommon.cpp" />
		<Unit filename="wxChaos/muParserX/mpFuncCommon.h" />
		<Unit filename="wxChaos/muParserX/mpFuncMatrix.cpp" />
		<Unit filename="wxChaos/muParserX/mpFuncMatrix.h" />
		<Unit filename="wxChaos/muParserX/mpFuncNonCmplx.cpp" />
		<Unit filename="wxChaos/muParserX/mpFuncNonCmplx.h" />
		<Unit filename="wxChaos/muParserX/mpFuncStr.cpp" />
		<Unit filename="wxChaos/muParserX/mpFuncStr.h" />
		<Unit filename="wxChaos/muParserX/mpFwdDecl.h" />
		<Unit filename="wxChaos/muParserX/mpICallback.cpp" />
		<Unit filename="wxChaos/muParserX/mpICallback.h" />
		<Unit filename="wxChaos/muParserX/mpIOprt.cpp" />
		<Unit filename="wxChaos/muParserX/mpIOprt.h" />
		<Unit filename="wxChaos/muParserX/mpIPackage.cpp" />
		<Unit filename="wxChaos/muParserX/mpIPackage.h" />
		<Unit filename="wxChaos/muParserX/mpIPrecedence.h" />
		<Unit filename="wxChaos/muParserX/mpIToken.cpp" />
		<Unit filename="wxChaos/muParserX/mpIToken.h" />
		<Unit filename="wxChaos/muParserX/mpIValReader.cpp" />
		<Unit filename="wxChaos/muParserX/mpIValReader.h" />
		<Unit filename="wxChaos/muParserX/mpIValue.cpp" />
		<Unit filename="wxChaos/muParserX/mpIValue.h" />
		<Unit filename="wxChaos/muParserX/mpIfThenElse.cpp" />
		<Unit filename="wxChaos/muParserX/mpIfThenElse.h" />
		<Unit filename="wxChaos/muParserX/mpMatrix.h" />
		<Unit filename="wxChaos/muParserX/mpMatrixError.h" />
		<Unit filename="wxChaos/muParserX/mpOprtBinAssign.cpp" />
		<Unit filename="wxChaos/muParserX/mpOprtBinAssign.h" />
		<Unit filename="wxChaos/muParserX/mpOprtBinCommon.cpp" />
		<Unit filename="wxChaos/muParserX/mpOprtBinCommon.h" />
		<Unit filename="wxChaos/muParserX/mpOprtCmplx.cpp" />
		<Unit filename="wxChaos/muParserX/mpOprtCmplx.h" />
		<Unit filename="wxChaos/muParserX/mpOprtIndex.cpp" />
		<Unit filename="wxChaos/muParserX/mpOprtIndex.h" />
		<Unit filename="wxChaos/muParserX/mpOprtMatrix.cpp" />
		<Unit filename="wxChaos/muParserX/mpOprtMatrix.h" />
		<Unit filename="wxChaos/muParserX/mpOprtNonCmplx.cpp" />
		<Unit filename="wxChaos/muParserX/mpOprtNonCmplx.h" />
		<Unit filename="wxChaos/muParserX/mpPackageCmplx.cpp" />
		<Unit filename="wxChaos/muParserX/mpPackageCmplx.h" />
		<Unit filename="wxChaos/muParserX/mpPackageCommon.cpp" />
		<Unit filename="wxChaos/muParserX/mpPackageCommon.h" />
		<Unit filename="wxChaos/muParserX/mpPackageMatrix.cpp" />
		<Unit filename="wxChaos/muParserX/mpPackageMatrix.h" />
		<Unit filename="wxChaos/muParserX/mpPackageNonCmplx.cpp" />
		<Unit filename="wxChaos/muParserX/mpPackageNonCmplx.h" />
		<Unit filename="wxChaos/muParserX/mpPackageStr.cpp" />
		<Unit filename="wxChaos/muParserX/mpPackageStr.h" />
		<Unit filename="wxChaos/muParserX/mpPackageUnit.cpp" />
		<Unit filename="wxChaos/muParserX/mpPackageUnit.h" />
		<Unit filename="wxChaos/muParserX/mpParser.cpp" />
		<Unit filename="wxChaos/muParserX/mpParser.h" />
		<Unit filename="wxChaos/muParserX/mpParserBase.cpp" />
		<Unit filename="wxChaos/muParserX/mpParserBase.h" />
		<Unit filename="wxChaos/muParserX/mpRPN.cpp" />
		<Unit filename="wxChaos/muParserX/mpRPN.h" />
		<Unit filename="wxChaos/muParserX/mpScriptTokens.cpp" />
		<Unit filename="wxChaos/muParserX/mpScriptTokens.h" />
		<Unit filename="wxChaos/muParserX/mpStack.h" />
		<Unit filename="wxChaos/muParserX/mpTest.cpp" />
		<Unit filename="wxChaos/muParserX/mpTest.h" />
		<Unit filename="wxChaos/muParserX/mpTokenReader.cpp" />
		<Unit filename="wxChaos/muParserX/mpTokenReader.h" />
		<Unit filename="wxChaos/muParserX/mpTypes.h" />
		<Unit filename="wxChaos/muParserX/mpValReader.cpp" />
		<Unit filename="wxChaos/muParserX/mpValReader.h" />
		<Unit filename="wxChaos/muParserX/mpValue.cpp" />
		<Unit filename="wxChaos/muParserX/mpValue.h" />
		<Unit filename="wxChaos/muParserX/mpValueCache.cpp" />
		<Unit filename="wxChaos/muParserX/mpValueCache.h" />
		<Unit filename="wxChaos/muParserX/mpVariable.cpp" />
		<Unit filename="wxChaos/muParserX/mpVariable.h" />
		<Unit filename="wxChaos/muParserX/suSortPred.h" />
		<Unit filename="wxChaos/muParserX/utGeneric.h" />
		<Unit filename="wxChaos/wxMathPlot/mathplot.cpp" />
		<Unit filename="wxChaos/wxMathPlot/mathplot.h" />
		<Unit filename="wxChaos/wxSFMLCanvas.cpp" />
		<Unit filename="wxChaos/wxSFMLCanvas.h" />
		<Extensions>
			<code_completion />
			<debugger />
		</Extensions>
	</Project>
</CodeBlocks_project_file>
