<?xml version="1.0" encoding="utf-8"?>
<Project ToolsVersion="4.0" xmlns="http://schemas.microsoft.com/developer/msbuild/2003">
  <ItemGroup>
    <Filter Include="Archivos de código fuente">
      <UniqueIdentifier>{4FC737F1-C7A5-4376-A066-2A32D752A2FF}</UniqueIdentifier>
      <Extensions>cpp;c;cc;cxx;def;odl;idl;hpj;bat;asm;asmx</Extensions>
    </Filter>
    <Filter Include="Archivos de encabezado">
      <UniqueIdentifier>{93995380-89BD-4b04-88EB-625FBE52EBFB}</UniqueIdentifier>
      <Extensions>h;hpp;hxx;hm;inl;inc;xsd</Extensions>
    </Filter>
    <Filter Include="Archivos de recursos">
      <UniqueIdentifier>{67DA6AB6-F800-4c08-8B7A-83BB121AAD01}</UniqueIdentifier>
      <Extensions>rc;ico;cur;bmp;dlg;rc2;rct;bin;rgs;gif;jpg;jpeg;jpe;resx;tiff;tif;png;wav;mfcribbon-ms</Extensions>
    </Filter>
    <Filter Include="muParserX">
      <UniqueIdentifier>{13b793e5-2db7-4fcb-ab98-18e17626cef3}</UniqueIdentifier>
    </Filter>
    <Filter Include="angelscript">
      <UniqueIdentifier>{ec0479e1-3ba5-4c66-9b52-e6166bdb68ca}</UniqueIdentifier>
    </Filter>
    <Filter Include="angelscript\src">
      <UniqueIdentifier>{808d4c21-ec48-4cce-b51a-c7be644931ed}</UniqueIdentifier>
    </Filter>
    <Filter Include="angelscript\add_on">
      <UniqueIdentifier>{d6884a5b-73b6-4415-aab6-d0aa905af85e}</UniqueIdentifier>
    </Filter>
    <Filter Include="angelscript\add_on\scriptarray">
      <UniqueIdentifier>{3d0e0b39-b17c-42e1-967a-de4792c7d100}</UniqueIdentifier>
    </Filter>
    <Filter Include="angelscript\add_on\scriptstdstring">
      <UniqueIdentifier>{6953c51b-668f-408d-935f-366a0fd3cbe0}</UniqueIdentifier>
    </Filter>
  </ItemGroup>
  <ItemGroup>
    <ClInclude Include="About.h">
      <Filter>Archivos de encabezado</Filter>
    </ClInclude>
    <ClInclude Include="BinaryOps.h">
      <Filter>Archivos de encabezado</Filter>
    </ClInclude>
    <ClInclude Include="BmpWriter.h">
      <Filter>Archivos de encabezado</Filter>
    </ClInclude>
    <ClInclude Include="ColorFrame.h">
      <Filter>Archivos de encabezado</Filter>
    </ClInclude>
    <ClInclude Include="ConfigParser.h">
      <Filter>Archivos de encabezado</Filter>
    </ClInclude>
    <ClInclude Include="ConstDialog.h">
      <Filter>Archivos de encabezado</Filter>
    </ClInclude>
    <ClInclude Include="FormulaDialog.h">
      <Filter>Archivos de encabezado</Filter>
    </ClInclude>
    <ClInclude Include="FractalCanvas.h">
      <Filter>Archivos de encabezado</Filter>
    </ClInclude>
    <ClInclude Include="FractalClasses.h">
      <Filter>Archivos de encabezado</Filter>
    </ClInclude>
    <ClInclude Include="FractalGUI.h">
      <Filter>Archivos de encabezado</Filter>
    </ClInclude>
    <ClInclude Include="FractalTypes.h">
      <Filter>Archivos de encabezado</Filter>
    </ClInclude>
    <ClInclude Include="global.h">
      <Filter>Archivos de encabezado</Filter>
    </ClInclude>
    <ClInclude Include="gradient.h">
      <Filter>Archivos de encabezado</Filter>
    </ClInclude>
    <ClInclude Include="gradientdlg.h">
      <Filter>Archivos de encabezado</Filter>
    </ClInclude>
    <ClInclude Include="HTMLViewer.h">
      <Filter>Archivos de encabezado</Filter>
    </ClInclude>
    <ClInclude Include="IterDialog.h">
      <Filter>Archivos de encabezado</Filter>
    </ClInclude>
    <ClInclude Include="JuliaMode.h">
      <Filter>Archivos de encabezado</Filter>
    </ClInclude>
    <ClInclude Include="MainWindow.h">
      <Filter>Archivos de encabezado</Filter>
    </ClInclude>
    <ClInclude Include="SizeDialogSave.h">
      <Filter>Archivos de encabezado</Filter>
    </ClInclude>
    <ClInclude Include="StringFuncs.h">
      <Filter>Archivos de encabezado</Filter>
    </ClInclude>
    <ClInclude Include="Styles.h">
      <Filter>Archivos de encabezado</Filter>
    </ClInclude>
    <ClInclude Include="wxSFMLCanvas.h">
      <Filter>Archivos de encabezado</Filter>
    </ClInclude>
    <ClInclude Include="Lang.h">
      <Filter>Archivos de encabezado</Filter>
    </ClInclude>
    <ClInclude Include="angelscript\angelscript.h">
      <Filter>angelscript</Filter>
    </ClInclude>
    <ClInclude Include="angelscript\src\as_array.h">
      <Filter>angelscript\src</Filter>
    </ClInclude>
    <ClInclude Include="angelscript\src\as_atomic.h">
      <Filter>angelscript\src</Filter>
    </ClInclude>
    <ClInclude Include="angelscript\src\as_builder.h">
      <Filter>angelscript\src</Filter>
    </ClInclude>
    <ClInclude Include="angelscript\src\as_bytecode.h">
      <Filter>angelscript\src</Filter>
    </ClInclude>
    <ClInclude Include="angelscript\src\as_callfunc.h">
      <Filter>angelscript\src</Filter>
    </ClInclude>
    <ClInclude Include="angelscript\src\as_compiler.h">
      <Filter>angelscript\src</Filter>
    </ClInclude>
    <ClInclude Include="angelscript\src\as_config.h">
      <Filter>angelscript\src</Filter>
    </ClInclude>
    <ClInclude Include="angelscript\src\as_configgroup.h">
      <Filter>angelscript\src</Filter>
    </ClInclude>
    <ClInclude Include="angelscript\src\as_context.h">
      <Filter>angelscript\src</Filter>
    </ClInclude>
    <ClInclude Include="angelscript\src\as_criticalsection.h">
      <Filter>angelscript\src</Filter>
    </ClInclude>
    <ClInclude Include="angelscript\src\as_datatype.h">
      <Filter>angelscript\src</Filter>
    </ClInclude>
    <ClInclude Include="angelscript\src\as_debug.h">
      <Filter>angelscript\src</Filter>
    </ClInclude>
    <ClInclude Include="angelscript\src\as_gc.h">
      <Filter>angelscript\src</Filter>
    </ClInclude>
    <ClInclude Include="angelscript\src\as_generic.h">
      <Filter>angelscript\src</Filter>
    </ClInclude>
    <ClInclude Include="angelscript\src\as_map.h">
      <Filter>angelscript\src</Filter>
    </ClInclude>
    <ClInclude Include="angelscript\src\as_memory.h">
      <Filter>angelscript\src</Filter>
    </ClInclude>
    <ClInclude Include="angelscript\src\as_module.h">
      <Filter>angelscript\src</Filter>
    </ClInclude>
    <ClInclude Include="angelscript\src\as_objecttype.h">
      <Filter>angelscript\src</Filter>
    </ClInclude>
    <ClInclude Include="angelscript\src\as_outputbuffer.h">
      <Filter>angelscript\src</Filter>
    </ClInclude>
    <ClInclude Include="angelscript\src\as_parser.h">
      <Filter>angelscript\src</Filter>
    </ClInclude>
    <ClInclude Include="angelscript\src\as_property.h">
      <Filter>angelscript\src</Filter>
    </ClInclude>
    <ClInclude Include="angelscript\src\as_restore.h">
      <Filter>angelscript\src</Filter>
    </ClInclude>
    <ClInclude Include="angelscript\src\as_scriptcode.h">
      <Filter>angelscript\src</Filter>
    </ClInclude>
    <ClInclude Include="angelscript\src\as_scriptengine.h">
      <Filter>angelscript\src</Filter>
    </ClInclude>
    <ClInclude Include="angelscript\src\as_scriptfunction.h">
      <Filter>angelscript\src</Filter>
    </ClInclude>
    <ClInclude Include="angelscript\src\as_scriptnode.h">
      <Filter>angelscript\src</Filter>
    </ClInclude>
    <ClInclude Include="angelscript\src\as_scriptobject.h">
      <Filter>angelscript\src</Filter>
    </ClInclude>
    <ClInclude Include="angelscript\src\as_string.h">
      <Filter>angelscript\src</Filter>
    </ClInclude>
    <ClInclude Include="angelscript\src\as_string_util.h">
      <Filter>angelscript\src</Filter>
    </ClInclude>
    <ClInclude Include="angelscript\src\as_symboltable.h">
      <Filter>angelscript\src</Filter>
    </ClInclude>
    <ClInclude Include="angelscript\src\as_texts.h">
      <Filter>angelscript\src</Filter>
    </ClInclude>
    <ClInclude Include="angelscript\src\as_thread.h">
      <Filter>angelscript\src</Filter>
    </ClInclude>
    <ClInclude Include="angelscript\src\as_tokendef.h">
      <Filter>angelscript\src</Filter>
    </ClInclude>
    <ClInclude Include="angelscript\src\as_tokenizer.h">
      <Filter>angelscript\src</Filter>
    </ClInclude>
    <ClInclude Include="angelscript\src\as_typeinfo.h">
      <Filter>angelscript\src</Filter>
    </ClInclude>
    <ClInclude Include="angelscript\src\as_variablescope.h">
      <Filter>angelscript\src</Filter>
    </ClInclude>
    <ClInclude Include="angelscript\add_on\scriptarray\scriptarray.h">
      <Filter>angelscript\add_on\scriptarray</Filter>
    </ClInclude>
    <ClInclude Include="angelscript\add_on\scriptstdstring\scriptstdstring.h">
      <Filter>angelscript\add_on\scriptstdstring</Filter>
    </ClInclude>
    <ClInclude Include="muParserX\mpDefines.h">
      <Filter>muParserX</Filter>
    </ClInclude>
    <ClInclude Include="muParserX\mpError.h">
      <Filter>muParserX</Filter>
    </ClInclude>
    <ClInclude Include="muParserX\mpFuncCmplx.h">
      <Filter>muParserX</Filter>
    </ClInclude>
    <ClInclude Include="muParserX\mpFuncCommon.h">
      <Filter>muParserX</Filter>
    </ClInclude>
    <ClInclude Include="muParserX\mpFuncMatrix.h">
      <Filter>muParserX</Filter>
    </ClInclude>
    <ClInclude Include="muParserX\mpFuncNonCmplx.h">
      <Filter>muParserX</Filter>
    </ClInclude>
    <ClInclude Include="muParserX\mpFuncStr.h">
      <Filter>muParserX</Filter>
    </ClInclude>
    <ClInclude Include="muParserX\mpFwdDecl.h">
      <Filter>muParserX</Filter>
    </ClInclude>
    <ClInclude Include="muParserX\mpICallback.h">
      <Filter>muParserX</Filter>
    </ClInclude>
    <ClInclude Include="muParserX\mpIfThenElse.h">
      <Filter>muParserX</Filter>
    </ClInclude>
    <ClInclude Include="muParserX\mpIOprt.h">
      <Filter>muParserX</Filter>
    </ClInclude>
    <ClInclude Include="muParserX\mpIPackage.h">
      <Filter>muParserX</Filter>
    </ClInclude>
    <ClInclude Include="muParserX\mpIPrecedence.h">
      <Filter>muParserX</Filter>
    </ClInclude>
    <ClInclude Include="muParserX\mpIToken.h">
      <Filter>muParserX</Filter>
    </ClInclude>
    <ClInclude Include="muParserX\mpIValReader.h">
      <Filter>muParserX</Filter>
    </ClInclude>
    <ClInclude Include="muParserX\mpIValue.h">
      <Filter>muParserX</Filter>
    </ClInclude>
    <ClInclude Include="muParserX\mpMatrix.h">
      <Filter>muParserX</Filter>
    </ClInclude>
    <ClInclude Include="muParserX\mpMatrixError.h">
      <Filter>muParserX</Filter>
    </ClInclude>
    <ClInclude Include="muParserX\mpOprtBinAssign.h">
      <Filter>muParserX</Filter>
    </ClInclude>
    <ClInclude Include="muParserX\mpOprtBinCommon.h">
      <Filter>muParserX</Filter>
    </ClInclude>
    <ClInclude Include="muParserX\mpOprtCmplx.h">
      <Filter>muParserX</Filter>
    </ClInclude>
    <ClInclude Include="muParserX\mpOprtIndex.h">
      <Filter>muParserX</Filter>
    </ClInclude>
    <ClInclude Include="muParserX\mpOprtMatrix.h">
      <Filter>muParserX</Filter>
    </ClInclude>
    <ClInclude Include="muParserX\mpOprtNonCmplx.h">
      <Filter>muParserX</Filter>
    </ClInclude>
    <ClInclude Include="muParserX\mpPackageCmplx.h">
      <Filter>muParserX</Filter>
    </ClInclude>
    <ClInclude Include="muParserX\mpPackageCommon.h">
      <Filter>muParserX</Filter>
    </ClInclude>
    <ClInclude Include="muParserX\mpPackageMatrix.h">
      <Filter>muParserX</Filter>
    </ClInclude>
    <ClInclude Include="muParserX\mpPackageNonCmplx.h">
      <Filter>muParserX</Filter>
    </ClInclude>
    <ClInclude Include="muParserX\mpPackageStr.h">
      <Filter>muParserX</Filter>
    </ClInclude>
    <ClInclude Include="muParserX\mpPackageUnit.h">
      <Filter>muParserX</Filter>
    </ClInclude>
    <ClInclude Include="muParserX\mpParser.h">
      <Filter>muParserX</Filter>
    </ClInclude>
    <ClInclude Include="muParserX\mpParserBase.h">
      <Filter>muParserX</Filter>
    </ClInclude>
    <ClInclude Include="muParserX\mpRPN.h">
      <Filter>muParserX</Filter>
    </ClInclude>
    <ClInclude Include="muParserX\mpScriptTokens.h">
      <Filter>muParserX</Filter>
    </ClInclude>
    <ClInclude Include="muParserX\mpStack.h">
      <Filter>muParserX</Filter>
    </ClInclude>
    <ClInclude Include="muParserX\mpTest.h">
      <Filter>muParserX</Filter>
    </ClInclude>
    <ClInclude Include="muParserX\mpTokenReader.h">
      <Filter>muParserX</Filter>
    </ClInclude>
    <ClInclude Include="muParserX\mpTypes.h">
      <Filter>muParserX</Filter>
    </ClInclude>
    <ClInclude Include="muParserX\mpValReader.h">
      <Filter>muParserX</Filter>
    </ClInclude>
    <ClInclude Include="muParserX\mpValue.h">
      <Filter>muParserX</Filter>
    </ClInclude>
    <ClInclude Include="muParserX\mpValueCache.h">
      <Filter>muParserX</Filter>
    </ClInclude>
    <ClInclude Include="muParserX\mpVariable.h">
      <Filter>muParserX</Filter>
    </ClInclude>
    <ClInclude Include="muParserX\suSortPred.h">
      <Filter>muParserX</Filter>
    </ClInclude>
    <ClInclude Include="muParserX\utGeneric.h">
      <Filter>muParserX</Filter>
    </ClInclude>
    <ClInclude Include="AngelscriptEngine.h">
      <Filter>Archivos de encabezado</Filter>
    </ClInclude>
    <ClInclude Include="Filesystem.h">
      <Filter>Archivos de encabezado</Filter>
    </ClInclude>
  </ItemGroup>
  <ItemGroup>
    <ClCompile Include="About.cpp">
      <Filter>Archivos de código fuente</Filter>
    </ClCompile>
    <ClCompile Include="BinaryOps.cpp">
      <Filter>Archivos de código fuente</Filter>
    </ClCompile>
    <ClCompile Include="BmpWriter.cpp">
      <Filter>Archivos de código fuente</Filter>
    </ClCompile>
    <ClCompile Include="ColorFrame.cpp">
      <Filter>Archivos de código fuente</Filter>
    </ClCompile>
    <ClCompile Include="ConfigParser.cpp">
      <Filter>Archivos de código fuente</Filter>
    </ClCompile>
    <ClCompile Include="ConstDialog.cpp">
      <Filter>Archivos de código fuente</Filter>
    </ClCompile>
    <ClCompile Include="FormulaDialog.cpp">
      <Filter>Archivos de código fuente</Filter>
    </ClCompile>
    <ClCompile Include="FractalCanvas.cpp">
      <Filter>Archivos de código fuente</Filter>
    </ClCompile>
    <ClCompile Include="FractalClasses.cpp">
      <Filter>Archivos de código fuente</Filter>
    </ClCompile>
    <ClCompile Include="FractalGUI.cpp">
      <Filter>Archivos de código fuente</Filter>
    </ClCompile>
    <ClCompile Include="FractalTypes.cpp">
      <Filter>Archivos de código fuente</Filter>
    </ClCompile>
    <ClCompile Include="gradient.cpp">
      <Filter>Archivos de código fuente</Filter>
    </ClCompile>
    <ClCompile Include="gradientdlg.cpp">
      <Filter>Archivos de código fuente</Filter>
    </ClCompile>
    <ClCompile Include="HTMLViewer.cpp">
      <Filter>Archivos de código fuente</Filter>
    </ClCompile>
    <ClCompile Include="IterDialog.cpp">
      <Filter>Archivos de código fuente</Filter>
    </ClCompile>
    <ClCompile Include="JuliaMode.cpp">
      <Filter>Archivos de código fuente</Filter>
    </ClCompile>
    <ClCompile Include="MainWindow.cpp">
      <Filter>Archivos de código fuente</Filter>
    </ClCompile>
    <ClCompile Include="SizeDialogSave.cpp">
      <Filter>Archivos de código fuente</Filter>
    </ClCompile>
    <ClCompile Include="StringFuncs.cpp">
      <Filter>Archivos de código fuente</Filter>
    </ClCompile>
    <ClCompile Include="wxSFMLCanvas.cpp">
      <Filter>Archivos de código fuente</Filter>
    </ClCompile>
    <ClCompile Include="angelscript\src\as_atomic.cpp">
      <Filter>angelscript\src</Filter>
    </ClCompile>
    <ClCompile Include="angelscript\src\as_builder.cpp">
      <Filter>angelscript\src</Filter>
    </ClCompile>
    <ClCompile Include="angelscript\src\as_bytecode.cpp">
      <Filter>angelscript\src</Filter>
    </ClCompile>
    <ClCompile Include="angelscript\src\as_callfunc.cpp">
      <Filter>angelscript\src</Filter>
    </ClCompile>
    <ClCompile Include="angelscript\src\as_callfunc_arm.cpp">
      <Filter>angelscript\src</Filter>
    </ClCompile>
    <ClCompile Include="angelscript\src\as_callfunc_mips.cpp">
      <Filter>angelscript\src</Filter>
    </ClCompile>
    <ClCompile Include="angelscript\src\as_callfunc_ppc.cpp">
      <Filter>angelscript\src</Filter>
    </ClCompile>
    <ClCompile Include="angelscript\src\as_callfunc_ppc_64.cpp">
      <Filter>angelscript\src</Filter>
    </ClCompile>
    <ClCompile Include="angelscript\src\as_callfunc_sh4.cpp">
      <Filter>angelscript\src</Filter>
    </ClCompile>
    <ClCompile Include="angelscript\src\as_callfunc_x64_gcc.cpp">
      <Filter>angelscript\src</Filter>
    </ClCompile>
    <ClCompile Include="angelscript\src\as_callfunc_x64_mingw.cpp">
      <Filter>angelscript\src</Filter>
    </ClCompile>
    <ClCompile Include="angelscript\src\as_callfunc_x64_msvc.cpp">
      <Filter>angelscript\src</Filter>
    </ClCompile>
    <ClCompile Include="angelscript\src\as_callfunc_x86.cpp">
      <Filter>angelscript\src</Filter>
    </ClCompile>
    <ClCompile Include="angelscript\src\as_callfunc_xenon.cpp">
      <Filter>angelscript\src</Filter>
    </ClCompile>
    <ClCompile Include="angelscript\src\as_compiler.cpp">
      <Filter>angelscript\src</Filter>
    </ClCompile>
    <ClCompile Include="angelscript\src\as_configgroup.cpp">
      <Filter>angelscript\src</Filter>
    </ClCompile>
    <ClCompile Include="angelscript\src\as_context.cpp">
      <Filter>angelscript\src</Filter>
    </ClCompile>
    <ClCompile Include="angelscript\src\as_datatype.cpp">
      <Filter>angelscript\src</Filter>
    </ClCompile>
    <ClCompile Include="angelscript\src\as_gc.cpp">
      <Filter>angelscript\src</Filter>
    </ClCompile>
    <ClCompile Include="angelscript\src\as_generic.cpp">
      <Filter>angelscript\src</Filter>
    </ClCompile>
    <ClCompile Include="angelscript\src\as_globalproperty.cpp">
      <Filter>angelscript\src</Filter>
    </ClCompile>
    <ClCompile Include="angelscript\src\as_memory.cpp">
      <Filter>angelscript\src</Filter>
    </ClCompile>
    <ClCompile Include="angelscript\src\as_module.cpp">
      <Filter>angelscript\src</Filter>
    </ClCompile>
    <ClCompile Include="angelscript\src\as_objecttype.cpp">
      <Filter>angelscript\src</Filter>
    </ClCompile>
    <ClCompile Include="angelscript\src\as_outputbuffer.cpp">
      <Filter>angelscript\src</Filter>
    </ClCompile>
    <ClCompile Include="angelscript\src\as_parser.cpp">
      <Filter>angelscript\src</Filter>
    </ClCompile>
    <ClCompile Include="angelscript\src\as_restore.cpp">
      <Filter>angelscript\src</Filter>
    </ClCompile>
    <ClCompile Include="angelscript\src\as_scriptcode.cpp">
      <Filter>angelscript\src</Filter>
    </ClCompile>
    <ClCompile Include="angelscript\src\as_scriptengine.cpp">
      <Filter>angelscript\src</Filter>
    </ClCompile>
    <ClCompile Include="angelscript\src\as_scriptfunction.cpp">
      <Filter>angelscript\src</Filter>
    </ClCompile>
    <ClCompile Include="angelscript\src\as_scriptnode.cpp">
      <Filter>angelscript\src</Filter>
    </ClCompile>
    <ClCompile Include="angelscript\src\as_scriptobject.cpp">
      <Filter>angelscript\src</Filter>
    </ClCompile>
    <ClCompile Include="angelscript\src\as_string.cpp">
      <Filter>angelscript\src</Filter>
    </ClCompile>
    <ClCompile Include="angelscript\src\as_string_util.cpp">
      <Filter>angelscript\src</Filter>
    </ClCompile>
    <ClCompile Include="angelscript\src\as_thread.cpp">
      <Filter>angelscript\src</Filter>
    </ClCompile>
    <ClCompile Include="angelscript\src\as_tokenizer.cpp">
      <Filter>angelscript\src</Filter>
    </ClCompile>
    <ClCompile Include="angelscript\src\as_typeinfo.cpp">
      <Filter>angelscript\src</Filter>
    </ClCompile>
    <ClCompile Include="angelscript\src\as_variablescope.cpp">
      <Filter>angelscript\src</Filter>
    </ClCompile>
    <ClCompile Include="angelscript\add_on\scriptarray\scriptarray.cpp">
      <Filter>angelscript\add_on\scriptarray</Filter>
    </ClCompile>
    <ClCompile Include="angelscript\add_on\scriptstdstring\scriptstdstring.cpp">
      <Filter>angelscript\add_on\scriptstdstring</Filter>
    </ClCompile>
    <ClCompile Include="angelscript\add_on\scriptstdstring\scriptstdstring_utils.cpp">
      <Filter>angelscript\add_on\scriptstdstring</Filter>
    </ClCompile>
    <ClCompile Include="muParserX\mpError.cpp">
      <Filter>muParserX</Filter>
    </ClCompile>
    <ClCompile Include="muParserX\mpFuncCmplx.cpp">
      <Filter>muParserX</Filter>
    </ClCompile>
    <ClCompile Include="muParserX\mpFuncCommon.cpp">
      <Filter>muParserX</Filter>
    </ClCompile>
    <ClCompile Include="muParserX\mpFuncMatrix.cpp">
      <Filter>muParserX</Filter>
    </ClCompile>
    <ClCompile Include="muParserX\mpFuncNonCmplx.cpp">
      <Filter>muParserX</Filter>
    </ClCompile>
    <ClCompile Include="muParserX\mpFuncStr.cpp">
      <Filter>muParserX</Filter>
    </ClCompile>
    <ClCompile Include="muParserX\mpICallback.cpp">
      <Filter>muParserX</Filter>
    </ClCompile>
    <ClCompile Include="muParserX\mpIfThenElse.cpp">
      <Filter>muParserX</Filter>
    </ClCompile>
    <ClCompile Include="muParserX\mpIOprt.cpp">
      <Filter>muParserX</Filter>
    </ClCompile>
    <ClCompile Include="muParserX\mpIPackage.cpp">
      <Filter>muParserX</Filter>
    </ClCompile>
    <ClCompile Include="muParserX\mpIToken.cpp">
      <Filter>muParserX</Filter>
    </ClCompile>
    <ClCompile Include="muParserX\mpIValReader.cpp">
      <Filter>muParserX</Filter>
    </ClCompile>
    <ClCompile Include="muParserX\mpIValue.cpp">
      <Filter>muParserX</Filter>
    </ClCompile>
    <ClCompile Include="muParserX\mpOprtBinAssign.cpp">
      <Filter>muParserX</Filter>
    </ClCompile>
    <ClCompile Include="muParserX\mpOprtBinCommon.cpp">
      <Filter>muParserX</Filter>
    </ClCompile>
    <ClCompile Include="muParserX\mpOprtCmplx.cpp">
      <Filter>muParserX</Filter>
    </ClCompile>
    <ClCompile Include="muParserX\mpOprtIndex.cpp">
      <Filter>muParserX</Filter>
    </ClCompile>
    <ClCompile Include="muParserX\mpOprtMatrix.cpp">
      <Filter>muParserX</Filter>
    </ClCompile>
    <ClCompile Include="muParserX\mpOprtNonCmplx.cpp">
      <Filter>muParserX</Filter>
    </ClCompile>
    <ClCompile Include="muParserX\mpPackageCmplx.cpp">
      <Filter>muParserX</Filter>
    </ClCompile>
    <ClCompile Include="muParserX\mpPackageCommon.cpp">
      <Filter>muParserX</Filter>
    </ClCompile>
    <ClCompile Include="muParserX\mpPackageMatrix.cpp">
      <Filter>muParserX</Filter>
    </ClCompile>
    <ClCompile Include="muParserX\mpPackageNonCmplx.cpp">
      <Filter>muParserX</Filter>
    </ClCompile>
    <ClCompile Include="muParserX\mpPackageStr.cpp">
      <Filter>muParserX</Filter>
    </ClCompile>
    <ClCompile Include="muParserX\mpPackageUnit.cpp">
      <Filter>muParserX</Filter>
    </ClCompile>
    <ClCompile Include="muParserX\mpParser.cpp">
      <Filter>muParserX</Filter>
    </ClCompile>
    <ClCompile Include="muParserX\mpParserBase.cpp">
      <Filter>muParserX</Filter>
    </ClCompile>
    <ClCompile Include="muParserX\mpRPN.cpp">
      <Filter>muParserX</Filter>
    </ClCompile>
    <ClCompile Include="muParserX\mpScriptTokens.cpp">
      <Filter>muParserX</Filter>
    </ClCompile>
    <ClCompile Include="muParserX\mpTest.cpp">
      <Filter>muParserX</Filter>
    </ClCompile>
    <ClCompile Include="muParserX\mpTokenReader.cpp">
      <Filter>muParserX</Filter>
    </ClCompile>
    <ClCompile Include="muParserX\mpValReader.cpp">
      <Filter>muParserX</Filter>
    </ClCompile>
    <ClCompile Include="muParserX\mpValue.cpp">
      <Filter>muParserX</Filter>
    </ClCompile>
    <ClCompile Include="muParserX\mpValueCache.cpp">
      <Filter>muParserX</Filter>
    </ClCompile>
    <ClCompile Include="muParserX\mpVariable.cpp">
      <Filter>muParserX</Filter>
    </ClCompile>
    <ClCompile Include="AngelscriptEngine.cpp">
      <Filter>Archivos de código fuente</Filter>
    </ClCompile>
    <ClCompile Include="Filesystem.cpp">
      <Filter>Archivos de código fuente</Filter>
    </ClCompile>
  </ItemGroup>
  <ItemGroup>
    <None Include="angelscript\src\as_callfunc_arm_gcc.S">
      <Filter>angelscript\src</Filter>
    </None>
    <None Include="angelscript\src\as_callfunc_arm_msvc.asm">
      <Filter>angelscript\src</Filter>
    </None>
    <None Include="angelscript\src\as_callfunc_arm_xcode.S">
      <Filter>angelscript\src</Filter>
    </None>
    <None Include="angelscript\src\as_callfunc_x64_msvc_asm.asm">
      <Filter>angelscript\src</Filter>
    </None>
    <None Include="icon.ico">
      <Filter>Archivos de recursos</Filter>
    </None>
  </ItemGroup>
</Project>